// !$*UTF8*$!
{
	archiveVersion = 1;
	classes = {
	};
	objectVersion = 55;
	objects = {

/* Begin PBXBuildFile section */
		84B0C42128624C04000E5318 /* AppDelegate.swift in Sources */ = {isa = PBXBuildFile; fileRef = 84B0C42028624C04000E5318 /* AppDelegate.swift */; };
		84B0C42328624C04000E5318 /* SceneDelegate.swift in Sources */ = {isa = PBXBuildFile; fileRef = 84B0C42228624C04000E5318 /* SceneDelegate.swift */; };
		84B0C42528624C04000E5318 /* ViewController.swift in Sources */ = {isa = PBXBuildFile; fileRef = 84B0C42428624C04000E5318 /* ViewController.swift */; };
		84B0C42828624C04000E5318 /* Main.storyboard in Resources */ = {isa = PBXBuildFile; fileRef = 84B0C42628624C04000E5318 /* Main.storyboard */; };
		84B0C42B28624C04000E5318 /* WeatherApp.xcdatamodeld in Sources */ = {isa = PBXBuildFile; fileRef = 84B0C42928624C04000E5318 /* WeatherApp.xcdatamodeld */; };
		84B0C42D28624C06000E5318 /* Assets.xcassets in Resources */ = {isa = PBXBuildFile; fileRef = 84B0C42C28624C06000E5318 /* Assets.xcassets */; };
		84B0C43028624C06000E5318 /* LaunchScreen.storyboard in Resources */ = {isa = PBXBuildFile; fileRef = 84B0C42E28624C06000E5318 /* LaunchScreen.storyboard */; };
		84B0C43928624C32000E5318 /* NetworkManager.swift in Sources */ = {isa = PBXBuildFile; fileRef = 84B0C43828624C32000E5318 /* NetworkManager.swift */; };
		84B0C43C28624CA2000E5318 /* Weather.swift in Sources */ = {isa = PBXBuildFile; fileRef = 84B0C43B28624CA2000E5318 /* Weather.swift */; };
		84B0C448286265B4000E5318 /* WeatherCollectionViewCell.swift in Sources */ = {isa = PBXBuildFile; fileRef = 84B0C447286265B4000E5318 /* WeatherCollectionViewCell.swift */; };
		84B0C44E28628E43000E5318 /* Weather+CoreDataClass.swift in Sources */ = {isa = PBXBuildFile; fileRef = 84B0C44D28628E43000E5318 /* Weather+CoreDataClass.swift */; };
		84B0C45028628EEF000E5318 /* Weather+CoreDataProperties.swift in Sources */ = {isa = PBXBuildFile; fileRef = 84B0C44F28628EEF000E5318 /* Weather+CoreDataProperties.swift */; };
		84B0C4582863D7E7000E5318 /* HistoryViewController.swift in Sources */ = {isa = PBXBuildFile; fileRef = 84B0C4572863D7E7000E5318 /* HistoryViewController.swift */; };
		84B0C462286507FB000E5318 /* WeatherViewController.swift in Sources */ = {isa = PBXBuildFile; fileRef = 84B0C461286507FB000E5318 /* WeatherViewController.swift */; };
		84B0C46428660363000E5318 /* HistoryTableViewCell.swift in Sources */ = {isa = PBXBuildFile; fileRef = 84B0C46328660363000E5318 /* HistoryTableViewCell.swift */; };
/* End PBXBuildFile section */

/* Begin PBXFileReference section */
		84B0C41D28624C04000E5318 /* WeatherApp.app */ = {isa = PBXFileReference; explicitFileType = wrapper.application; includeInIndex = 0; path = WeatherApp.app; sourceTree = BUILT_PRODUCTS_DIR; };
		84B0C42028624C04000E5318 /* AppDelegate.swift */ = {isa = PBXFileReference; lastKnownFileType = sourcecode.swift; path = AppDelegate.swift; sourceTree = "<group>"; };
		84B0C42228624C04000E5318 /* SceneDelegate.swift */ = {isa = PBXFileReference; lastKnownFileType = sourcecode.swift; path = SceneDelegate.swift; sourceTree = "<group>"; };
		84B0C42428624C04000E5318 /* ViewController.swift */ = {isa = PBXFileReference; lastKnownFileType = sourcecode.swift; path = ViewController.swift; sourceTree = "<group>"; };
		84B0C42728624C04000E5318 /* Base */ = {isa = PBXFileReference; lastKnownFileType = file.storyboard; name = Base; path = Base.lproj/Main.storyboard; sourceTree = "<group>"; };
		84B0C42A28624C04000E5318 /* WeatherApp.xcdatamodel */ = {isa = PBXFileReference; lastKnownFileType = wrapper.xcdatamodel; path = WeatherApp.xcdatamodel; sourceTree = "<group>"; };
		84B0C42C28624C06000E5318 /* Assets.xcassets */ = {isa = PBXFileReference; lastKnownFileType = folder.assetcatalog; path = Assets.xcassets; sourceTree = "<group>"; };
		84B0C42F28624C06000E5318 /* Base */ = {isa = PBXFileReference; lastKnownFileType = file.storyboard; name = Base; path = Base.lproj/LaunchScreen.storyboard; sourceTree = "<group>"; };
		84B0C43128624C06000E5318 /* Info.plist */ = {isa = PBXFileReference; lastKnownFileType = text.plist.xml; path = Info.plist; sourceTree = "<group>"; };
		84B0C43828624C32000E5318 /* NetworkManager.swift */ = {isa = PBXFileReference; lastKnownFileType = sourcecode.swift; path = NetworkManager.swift; sourceTree = "<group>"; };
		84B0C43B28624CA2000E5318 /* Weather.swift */ = {isa = PBXFileReference; lastKnownFileType = sourcecode.swift; path = Weather.swift; sourceTree = "<group>"; };
		84B0C447286265B4000E5318 /* WeatherCollectionViewCell.swift */ = {isa = PBXFileReference; lastKnownFileType = sourcecode.swift; path = WeatherCollectionViewCell.swift; sourceTree = "<group>"; };
		84B0C44D28628E43000E5318 /* Weather+CoreDataClass.swift */ = {isa = PBXFileReference; lastKnownFileType = sourcecode.swift; path = "Weather+CoreDataClass.swift"; sourceTree = "<group>"; };
		84B0C44F28628EEF000E5318 /* Weather+CoreDataProperties.swift */ = {isa = PBXFileReference; lastKnownFileType = sourcecode.swift; path = "Weather+CoreDataProperties.swift"; sourceTree = "<group>"; };
		84B0C4572863D7E7000E5318 /* HistoryViewController.swift */ = {isa = PBXFileReference; lastKnownFileType = sourcecode.swift; path = HistoryViewController.swift; sourceTree = "<group>"; };
		84B0C461286507FB000E5318 /* WeatherViewController.swift */ = {isa = PBXFileReference; lastKnownFileType = sourcecode.swift; path = WeatherViewController.swift; sourceTree = "<group>"; };
		84B0C46328660363000E5318 /* HistoryTableViewCell.swift */ = {isa = PBXFileReference; lastKnownFileType = sourcecode.swift; path = HistoryTableViewCell.swift; sourceTree = "<group>"; };
/* End PBXFileReference section */

/* Begin PBXFrameworksBuildPhase section */
		84B0C41A28624C04000E5318 /* Frameworks */ = {
			isa = PBXFrameworksBuildPhase;
			buildActionMask = 2147483647;
			files = (
			);
			runOnlyForDeploymentPostprocessing = 0;
		};
/* End PBXFrameworksBuildPhase section */

/* Begin PBXGroup section */
		84B0C41428624C04000E5318 = {
			isa = PBXGroup;
			children = (
				84B0C41F28624C04000E5318 /* WeatherApp */,
				84B0C41E28624C04000E5318 /* Products */,
			);
			sourceTree = "<group>";
		};
		84B0C41E28624C04000E5318 /* Products */ = {
			isa = PBXGroup;
			children = (
				84B0C41D28624C04000E5318 /* WeatherApp.app */,
			);
			name = Products;
			sourceTree = "<group>";
		};
		84B0C41F28624C04000E5318 /* WeatherApp */ = {
			isa = PBXGroup;
			children = (
				84B0C44228625821000E5318 /* Views */,
				84B0C43D2862553B000E5318 /* Controller */,
				84B0C43A28624C64000E5318 /* models */,
				84B0C43728624C1B000E5318 /* managers */,
				84B0C42028624C04000E5318 /* AppDelegate.swift */,
				84B0C42228624C04000E5318 /* SceneDelegate.swift */,
				84B0C42C28624C06000E5318 /* Assets.xcassets */,
				84B0C42E28624C06000E5318 /* LaunchScreen.storyboard */,
				84B0C43128624C06000E5318 /* Info.plist */,
				84B0C42928624C04000E5318 /* WeatherApp.xcdatamodeld */,
			);
			path = WeatherApp;
			sourceTree = "<group>";
		};
		84B0C43728624C1B000E5318 /* managers */ = {
			isa = PBXGroup;
			children = (
				84B0C43828624C32000E5318 /* NetworkManager.swift */,
			);
			path = managers;
			sourceTree = "<group>";
		};
		84B0C43A28624C64000E5318 /* models */ = {
			isa = PBXGroup;
			children = (
				84B0C43B28624CA2000E5318 /* Weather.swift */,
				84B0C44D28628E43000E5318 /* Weather+CoreDataClass.swift */,
				84B0C44F28628EEF000E5318 /* Weather+CoreDataProperties.swift */,
			);
			path = models;
			sourceTree = "<group>";
		};
		84B0C43D2862553B000E5318 /* Controller */ = {
			isa = PBXGroup;
			children = (
				84B0C42428624C04000E5318 /* ViewController.swift */,
				84B0C447286265B4000E5318 /* WeatherCollectionViewCell.swift */,
				84B0C4572863D7E7000E5318 /* HistoryViewController.swift */,
				84B0C461286507FB000E5318 /* WeatherViewController.swift */,
				84B0C46328660363000E5318 /* HistoryTableViewCell.swift */,
			);
			path = Controller;
			sourceTree = "<group>";
		};
		84B0C44228625821000E5318 /* Views */ = {
			isa = PBXGroup;
			children = (
				84B0C42628624C04000E5318 /* Main.storyboard */,
			);
			path = Views;
			sourceTree = "<group>";
		};
/* End PBXGroup section */

/* Begin PBXNativeTarget section */
		84B0C41C28624C04000E5318 /* WeatherApp */ = {
			isa = PBXNativeTarget;
			buildConfigurationList = 84B0C43428624C06000E5318 /* Build configuration list for PBXNativeTarget "WeatherApp" */;
			buildPhases = (
				84B0C41928624C04000E5318 /* Sources */,
				84B0C41A28624C04000E5318 /* Frameworks */,
				84B0C41B28624C04000E5318 /* Resources */,
			);
			buildRules = (
			);
			dependencies = (
			);
			name = WeatherApp;
			productName = WeatherApp;
			productReference = 84B0C41D28624C04000E5318 /* WeatherApp.app */;
			productType = "com.apple.product-type.application";
		};
/* End PBXNativeTarget section */

/* Begin PBXProject section */
		84B0C41528624C04000E5318 /* Project object */ = {
			isa = PBXProject;
			attributes = {
				BuildIndependentTargetsInParallel = 1;
				LastSwiftUpdateCheck = 1310;
				LastUpgradeCheck = 1310;
				TargetAttributes = {
					84B0C41C28624C04000E5318 = {
						CreatedOnToolsVersion = 13.1;
					};
				};
			};
			buildConfigurationList = 84B0C41828624C04000E5318 /* Build configuration list for PBXProject "WeatherApp" */;
			compatibilityVersion = "Xcode 13.0";
			developmentRegion = en;
			hasScannedForEncodings = 0;
			knownRegions = (
				en,
				Base,
			);
			mainGroup = 84B0C41428624C04000E5318;
			productRefGroup = 84B0C41E28624C04000E5318 /* Products */;
			projectDirPath = "";
			projectRoot = "";
			targets = (
				84B0C41C28624C04000E5318 /* WeatherApp */,
			);
		};
/* End PBXProject section */

/* Begin PBXResourcesBuildPhase section */
		84B0C41B28624C04000E5318 /* Resources */ = {
			isa = PBXResourcesBuildPhase;
			buildActionMask = 2147483647;
			files = (
				84B0C43028624C06000E5318 /* LaunchScreen.storyboard in Resources */,
				84B0C42D28624C06000E5318 /* Assets.xcassets in Resources */,
				84B0C42828624C04000E5318 /* Main.storyboard in Resources */,
			);
			runOnlyForDeploymentPostprocessing = 0;
		};
/* End PBXResourcesBuildPhase section */

/* Begin PBXSourcesBuildPhase section */
		84B0C41928624C04000E5318 /* Sources */ = {
			isa = PBXSourcesBuildPhase;
			buildActionMask = 2147483647;
			files = (
				84B0C42B28624C04000E5318 /* WeatherApp.xcdatamodeld in Sources */,
				84B0C462286507FB000E5318 /* WeatherViewController.swift in Sources */,
				84B0C42528624C04000E5318 /* ViewController.swift in Sources */,
				84B0C44E28628E43000E5318 /* Weather+CoreDataClass.swift in Sources */,
				84B0C43928624C32000E5318 /* NetworkManager.swift in Sources */,
				84B0C4582863D7E7000E5318 /* HistoryViewController.swift in Sources */,
				84B0C46428660363000E5318 /* HistoryTableViewCell.swift in Sources */,
				84B0C42128624C04000E5318 /* AppDelegate.swift in Sources */,
				84B0C43C28624CA2000E5318 /* Weather.swift in Sources */,
				84B0C42328624C04000E5318 /* SceneDelegate.swift in Sources */,
				84B0C448286265B4000E5318 /* WeatherCollectionViewCell.swift in Sources */,
				84B0C45028628EEF000E5318 /* Weather+CoreDataProperties.swift in Sources */,
			);
			runOnlyForDeploymentPostprocessing = 0;
		};
/* End PBXSourcesBuildPhase section */

/* Begin PBXVariantGroup section */
		84B0C42628624C04000E5318 /* Main.storyboard */ = {
			isa = PBXVariantGroup;
			children = (
				84B0C42728624C04000E5318 /* Base */,
			);
			name = Main.storyboard;
			sourceTree = "<group>";
		};
		84B0C42E28624C06000E5318 /* LaunchScreen.storyboard */ = {
			isa = PBXVariantGroup;
			children = (
				84B0C42F28624C06000E5318 /* Base */,
			);
			name = LaunchScreen.storyboard;
			sourceTree = "<group>";
		};
/* End PBXVariantGroup section */

/* Begin XCBuildConfiguration section */
		84B0C43228624C06000E5318 /* Debug */ = {
			isa = XCBuildConfiguration;
			buildSettings = {
				ALWAYS_SEARCH_USER_PATHS = NO;
				CLANG_ANALYZER_NONNULL = YES;
				CLANG_ANALYZER_NUMBER_OBJECT_CONVERSION = YES_AGGRESSIVE;
				CLANG_CXX_LANGUAGE_STANDARD = "gnu++17";
				CLANG_CXX_LIBRARY = "libc++";
				CLANG_ENABLE_MODULES = YES;
				CLANG_ENABLE_OBJC_ARC = YES;
				CLANG_ENABLE_OBJC_WEAK = YES;
				CLANG_WARN_BLOCK_CAPTURE_AUTORELEASING = YES;
				CLANG_WARN_BOOL_CONVERSION = YES;
				CLANG_WARN_COMMA = YES;
				CLANG_WARN_CONSTANT_CONVERSION = YES;
				CLANG_WARN_DEPRECATED_OBJC_IMPLEMENTATIONS = YES;
				CLANG_WARN_DIRECT_OBJC_ISA_USAGE = YES_ERROR;
				CLANG_WARN_DOCUMENTATION_COMMENTS = YES;
				CLANG_WARN_EMPTY_BODY = YES;
				CLANG_WARN_ENUM_CONVERSION = YES;
				CLANG_WARN_INFINITE_RECURSION = YES;
				CLANG_WARN_INT_CONVERSION = YES;
				CLANG_WARN_NON_LITERAL_NULL_CONVERSION = YES;
				CLANG_WARN_OBJC_IMPLICIT_RETAIN_SELF = YES;
				CLANG_WARN_OBJC_LITERAL_CONVERSION = YES;
				CLANG_WARN_OBJC_ROOT_CLASS = YES_ERROR;
				CLANG_WARN_QUOTED_INCLUDE_IN_FRAMEWORK_HEADER = YES;
				CLANG_WARN_RANGE_LOOP_ANALYSIS = YES;
				CLANG_WARN_STRICT_PROTOTYPES = YES;
				CLANG_WARN_SUSPICIOUS_MOVE = YES;
				CLANG_WARN_UNGUARDED_AVAILABILITY = YES_AGGRESSIVE;
				CLANG_WARN_UNREACHABLE_CODE = YES;
				CLANG_WARN__DUPLICATE_METHOD_MATCH = YES;
				COPY_PHASE_STRIP = NO;
				DEBUG_INFORMATION_FORMAT = dwarf;
				ENABLE_STRICT_OBJC_MSGSEND = YES;
				ENABLE_TESTABILITY = YES;
				GCC_C_LANGUAGE_STANDARD = gnu11;
				GCC_DYNAMIC_NO_PIC = NO;
				GCC_NO_COMMON_BLOCKS = YES;
				GCC_OPTIMIZATION_LEVEL = 0;
				GCC_PREPROCESSOR_DEFINITIONS = (
					"DEBUG=1",
					"$(inherited)",
				);
				GCC_WARN_64_TO_32_BIT_CONVERSION = YES;
				GCC_WARN_ABOUT_RETURN_TYPE = YES_ERROR;
				GCC_WARN_UNDECLARED_SELECTOR = YES;
				GCC_WARN_UNINITIALIZED_AUTOS = YES_AGGRESSIVE;
				GCC_WARN_UNUSED_FUNCTION = YES;
				GCC_WARN_UNUSED_VARIABLE = YES;
				IPHONEOS_DEPLOYMENT_TARGET = 15.0;
				MTL_ENABLE_DEBUG_INFO = INCLUDE_SOURCE;
				MTL_FAST_MATH = YES;
				ONLY_ACTIVE_ARCH = YES;
				SDKROOT = iphoneos;
				SWIFT_ACTIVE_COMPILATION_CONDITIONS = DEBUG;
				SWIFT_OPTIMIZATION_LEVEL = "-Onone";
			};
			name = Debug;
		};
		84B0C43328624C06000E5318 /* Release */ = {
			isa = XCBuildConfiguration;
			buildSettings = {
				ALWAYS_SEARCH_USER_PATHS = NO;
				CLANG_ANALYZER_NONNULL = YES;
				CLANG_ANALYZER_NUMBER_OBJECT_CONVERSION = YES_AGGRESSIVE;
				CLANG_CXX_LANGUAGE_STANDARD = "gnu++17";
				CLANG_CXX_LIBRARY = "libc++";
				CLANG_ENABLE_MODULES = YES;
				CLANG_ENABLE_OBJC_ARC = YES;
				CLANG_ENABLE_OBJC_WEAK = YES;
				CLANG_WARN_BLOCK_CAPTURE_AUTORELEASING = YES;
				CLANG_WARN_BOOL_CONVERSION = YES;
				CLANG_WARN_COMMA = YES;
				CLANG_WARN_CONSTANT_CONVERSION = YES;
				CLANG_WARN_DEPRECATED_OBJC_IMPLEMENTATIONS = YES;
				CLANG_WARN_DIRECT_OBJC_ISA_USAGE = YES_ERROR;
				CLANG_WARN_DOCUMENTATION_COMMENTS = YES;
				CLANG_WARN_EMPTY_BODY = YES;
				CLANG_WARN_ENUM_CONVERSION = YES;
				CLANG_WARN_INFINITE_RECURSION = YES;
				CLANG_WARN_INT_CONVERSION = YES;
				CLANG_WARN_NON_LITERAL_NULL_CONVERSION = YES;
				CLANG_WARN_OBJC_IMPLICIT_RETAIN_SELF = YES;
				CLANG_WARN_OBJC_LITERAL_CONVERSION = YES;
				CLANG_WARN_OBJC_ROOT_CLASS = YES_ERROR;
				CLANG_WARN_QUOTED_INCLUDE_IN_FRAMEWORK_HEADER = YES;
				CLANG_WARN_RANGE_LOOP_ANALYSIS = YES;
				CLANG_WARN_STRICT_PROTOTYPES = YES;
				CLANG_WARN_SUSPICIOUS_MOVE = YES;
				CLANG_WARN_UNGUARDED_AVAILABILITY = YES_AGGRESSIVE;
				CLANG_WARN_UNREACHABLE_CODE = YES;
				CLANG_WARN__DUPLICATE_METHOD_MATCH = YES;
				COPY_PHASE_STRIP = NO;
				DEBUG_INFORMATION_FORMAT = "dwarf-with-dsym";
				ENABLE_NS_ASSERTIONS = NO;
				ENABLE_STRICT_OBJC_MSGSEND = YES;
				GCC_C_LANGUAGE_STANDARD = gnu11;
				GCC_NO_COMMON_BLOCKS = YES;
				GCC_WARN_64_TO_32_BIT_CONVERSION = YES;
				GCC_WARN_ABOUT_RETURN_TYPE = YES_ERROR;
				GCC_WARN_UNDECLARED_SELECTOR = YES;
				GCC_WARN_UNINITIALIZED_AUTOS = YES_AGGRESSIVE;
				GCC_WARN_UNUSED_FUNCTION = YES;
				GCC_WARN_UNUSED_VARIABLE = YES;
				IPHONEOS_DEPLOYMENT_TARGET = 15.0;
				MTL_ENABLE_DEBUG_INFO = NO;
				MTL_FAST_MATH = YES;
				SDKROOT = iphoneos;
				SWIFT_COMPILATION_MODE = wholemodule;
				SWIFT_OPTIMIZATION_LEVEL = "-O";
				VALIDATE_PRODUCT = YES;
			};
			name = Release;
		};
		84B0C43528624C06000E5318 /* Debug */ = {
			isa = XCBuildConfiguration;
			buildSettings = {
				ASSETCATALOG_COMPILER_APPICON_NAME = AppIcon;
				ASSETCATALOG_COMPILER_GLOBAL_ACCENT_COLOR_NAME = AccentColor;
				CODE_SIGN_STYLE = Automatic;
				CURRENT_PROJECT_VERSION = 1;
				DEVELOPMENT_TEAM = ZDW6WVD65C;
				GENERATE_INFOPLIST_FILE = YES;
				INFOPLIST_FILE = WeatherApp/Info.plist;
				INFOPLIST_KEY_UIApplicationSupportsIndirectInputEvents = YES;
				INFOPLIST_KEY_UILaunchStoryboardName = LaunchScreen;
				INFOPLIST_KEY_UIMainStoryboardFile = Main;
				INFOPLIST_KEY_UISupportedInterfaceOrientations_iPad = "UIInterfaceOrientationPortrait UIInterfaceOrientationPortraitUpsideDown UIInterfaceOrientationLandscapeLeft UIInterfaceOrientationLandscapeRight";
				INFOPLIST_KEY_UISupportedInterfaceOrientations_iPhone = "UIInterfaceOrientationPortrait UIInterfaceOrientationLandscapeLeft UIInterfaceOrientationLandscapeRight";
				LD_RUNPATH_SEARCH_PATHS = (
					"$(inherited)",
					"@executable_path/Frameworks",
				);
				MARKETING_VERSION = 1.0;
				PRODUCT_BUNDLE_IDENTIFIER = com.irvingv.test.WeatherApp;
				PRODUCT_NAME = "$(TARGET_NAME)";
				SWIFT_EMIT_LOC_STRINGS = YES;
				SWIFT_VERSION = 5.0;
				TARGETED_DEVICE_FAMILY = "1,2";
			};
			name = Debug;
		};
		84B0C43628624C06000E5318 /* Release */ = {
			isa = XCBuildConfiguration;
			buildSettings = {
				ASSETCATALOG_COMPILER_APPICON_NAME = AppIcon;
				ASSETCATALOG_COMPILER_GLOBAL_ACCENT_COLOR_NAME = AccentColor;
				CODE_SIGN_STYLE = Automatic;
				CURRENT_PROJECT_VERSION = 1;
				DEVELOPMENT_TEAM = ZDW6WVD65C;
				GENERATE_INFOPLIST_FILE = YES;
				INFOPLIST_FILE = WeatherApp/Info.plist;
				INFOPLIST_KEY_UIApplicationSupportsIndirectInputEvents = YES;
				INFOPLIST_KEY_UILaunchStoryboardName = LaunchScreen;
				INFOPLIST_KEY_UIMainStoryboardFile = Main;
				INFOPLIST_KEY_UISupportedInterfaceOrientations_iPad = "UIInterfaceOrientationPortrait UIInterfaceOrientationPortraitUpsideDown UIInterfaceOrientationLandscapeLeft UIInterfaceOrientationLandscapeRight";
				INFOPLIST_KEY_UISupportedInterfaceOrientations_iPhone = "UIInterfaceOrientationPortrait UIInterfaceOrientationLandscapeLeft UIInterfaceOrientationLandscapeRight";
				LD_RUNPATH_SEARCH_PATHS = (
					"$(inherited)",
					"@executable_path/Frameworks",
				);
				MARKETING_VERSION = 1.0;
				PRODUCT_BUNDLE_IDENTIFIER = com.irvingv.test.WeatherApp;
				PRODUCT_NAME = "$(TARGET_NAME)";
				SWIFT_EMIT_LOC_STRINGS = YES;
				SWIFT_VERSION = 5.0;
				TARGETED_DEVICE_FAMILY = "1,2";
			};
			name = Release;
		};
/* End XCBuildConfiguration section */

/* Begin XCConfigurationList section */
		84B0C41828624C04000E5318 /* Build configuration list for PBXProject "WeatherApp" */ = {
			isa = XCConfigurationList;
			buildConfigurations = (
				84B0C43228624C06000E5318 /* Debug */,
				84B0C43328624C06000E5318 /* Release */,
			);
			defaultConfigurationIsVisible = 0;
			defaultConfigurationName = Release;
		};
		84B0C43428624C06000E5318 /* Build configuration list for PBXNativeTarget "WeatherApp" */ = {
			isa = XCConfigurationList;
			buildConfigurations = (
				84B0C43528624C06000E5318 /* Debug */,
				84B0C43628624C06000E5318 /* Release */,
			);
			defaultConfigurationIsVisible = 0;
			defaultConfigurationName = Release;
		};
/* End XCConfigurationList section */

/* Begin XCVersionGroup section */
		84B0C42928624C04000E5318 /* WeatherApp.xcdatamodeld */ = {
			isa = XCVersionGroup;
			children = (
				84B0C42A28624C04000E5318 /* WeatherApp.xcdatamodel */,
			);
			currentVersion = 84B0C42A28624C04000E5318 /* WeatherApp.xcdatamodel */;
			path = WeatherApp.xcdatamodeld;
			sourceTree = "<group>";
			versionGroupType = wrapper.xcdatamodel;
		};
/* End XCVersionGroup section */
	};
	rootObject = 84B0C41528624C04000E5318 /* Project object */;
}
